
Microsoft Visual Studio Solution File, Format Version 12.00
# Visual Studio Version 17
VisualStudioVersion = 17.14.36804.6 d17.14
MinimumVisualStudioVersion = 10.0.40219.1
Project("{FAE04EC0-301F-11D3-BF4B-00C04F79EFBC}") = "WMSUpdater", "WMSUpdater.csproj", "{D3907415-16E2-64CD-1143-71D4BC743D19}"
EndProject
Global
	GlobalSection(SolutionConfigurationPlatforms) = preSolution
		Debug|Any CPU = Debug|Any CPU
		Release|Any CPU = Release|Any CPU
	EndGlobalSection
	GlobalSection(ProjectConfigurationPlatforms) = postSolution
		{D3907415-16E2-64CD-1143-71D4BC743D19}.Debug|Any CPU.ActiveCfg = Debug|Any CPU
		{D3907415-16E2-64CD-1143-71D4BC743D19}.Debug|Any CPU.Build.0 = Debug|Any CPU
		{D3907415-16E2-64CD-1143-71D4BC743D19}.Release|Any CPU.ActiveCfg = Release|Any CPU
		{D3907415-16E2-64CD-1143-71D4BC743D19}.Release|Any CPU.Build.0 = Release|Any CPU
	EndGlobalSection
	GlobalSection(SolutionProperties) = preSolution
		HideSolutionNode = FALSE
	EndGlobalSection
	GlobalSection(ExtensibilityGlobals) = postSolution
		SolutionGuid = {CC0CF415-2923-4D66-A6D6-7292E8A5B58F}
	EndGlobalSection
EndGlobal
